{
  "name": "local-codex-agent",
  "version": "2.3.0",
  "lockfileVersion": 3,
  "requires": true,
  "packages": {
    "": {
      "name": "local-codex-agent",
      "version": "2.3.0",
      "bin": {
        "app": "src/cli.js",
        "workbench": "src/workbench.js"
      },
      "engines": {
        "node": ">=20"
      }
    }
  }
}
